
Microsoft Visual Studio Solution File, Format Version 12.00
Project("{FAE04EC0-301F-11D3-BF4B-00C04F79EFBC}") = "UniLetters.WebApi", "UniLetters.WebApi\UniLetters.WebApi.csproj", "{5B9BBCB3-78CD-4BF3-A4F3-3D29A9F43297}"
EndProject
Project("{2150E333-8FDC-42A3-9474-1A3956D46DE8}") = "Solution Items", "Solution Items", "{474702C7-64C5-4CC0-8A6C-8F6CB3110117}"
	ProjectSection(SolutionItems) = preProject
		compose.yaml = compose.yaml
	EndProjectSection
EndProject
Global
	GlobalSection(SolutionConfigurationPlatforms) = preSolution
		Debug|Any CPU = Debug|Any CPU
		Release|Any CPU = Release|Any CPU
	EndGlobalSection
	GlobalSection(ProjectConfigurationPlatforms) = postSolution
		{5B9BBCB3-78CD-4BF3-A4F3-3D29A9F43297}.Debug|Any CPU.ActiveCfg = Debug|Any CPU
		{5B9BBCB3-78CD-4BF3-A4F3-3D29A9F43297}.Debug|Any CPU.Build.0 = Debug|Any CPU
		{5B9BBCB3-78CD-4BF3-A4F3-3D29A9F43297}.Release|Any CPU.ActiveCfg = Release|Any CPU
		{5B9BBCB3-78CD-4BF3-A4F3-3D29A9F43297}.Release|Any CPU.Build.0 = Release|Any CPU
	EndGlobalSection
EndGlobal
